
Microsoft Visual Studio Solution File, Format Version 12.00
# Visual Studio Version 17
VisualStudioVersion = 17.9.34728.123
MinimumVisualStudioVersion = 10.0.40219.1
Project("{FAE04EC0-301F-11D3-BF4B-00C04F79EFBC}") = "C#Final", "C#Final.csproj", "{329B9FB9-0440-46AC-A9D1-FAB6AED629FD}"
EndProject
Global
	GlobalSection(SolutionConfigurationPlatforms) = preSolution
		Debug|Any CPU = Debug|Any CPU
		Release|Any CPU = Release|Any CPU
	EndGlobalSection
	GlobalSection(ProjectConfigurationPlatforms) = postSolution
		{329B9FB9-0440-46AC-A9D1-FAB6AED629FD}.Debug|Any CPU.ActiveCfg = Debug|Any CPU
		{329B9FB9-0440-46AC-A9D1-FAB6AED629FD}.Debug|Any CPU.Build.0 = Debug|Any CPU
		{329B9FB9-0440-46AC-A9D1-FAB6AED629FD}.Release|Any CPU.ActiveCfg = Release|Any CPU
		{329B9FB9-0440-46AC-A9D1-FAB6AED629FD}.Release|Any CPU.Build.0 = Release|Any CPU
	EndGlobalSection
	GlobalSection(SolutionProperties) = preSolution
		HideSolutionNode = FALSE
	EndGlobalSection
	GlobalSection(ExtensibilityGlobals) = postSolution
		SolutionGuid = {CE2AED2E-05D2-4A1F-9BFA-17455645F268}
	EndGlobalSection
EndGlobal
